
Microsoft Visual Studio Solution File, Format Version 12.00
# Visual Studio Version 16
VisualStudioVersion = 16.0.30711.63
MinimumVisualStudioVersion = 10.0.40219.1
Project("{FAE04EC0-301F-11D3-BF4B-00C04F79EFBC}") = "CircuitResistanceCalculatorUI", "CircuitResistanceCalculatorUI\CircuitResistanceCalculatorUI.csproj", "{783D23BD-4BB1-48B9-8102-3A0B726C39FF}"
	ProjectSection(ProjectDependencies) = postProject
		{8D1268EB-5E51-4FBD-AC3E-137E8E35ABF9} = {8D1268EB-5E51-4FBD-AC3E-137E8E35ABF9}
	EndProjectSection
EndProject
Project("{FAE04EC0-301F-11D3-BF4B-00C04F79EFBC}") = "CircuitResistanceCalculator", "CircuitResistanceCalculator\CircuitResistanceCalculator.csproj", "{8D1268EB-5E51-4FBD-AC3E-137E8E35ABF9}"
EndProject
Project("{FAE04EC0-301F-11D3-BF4B-00C04F79EFBC}") = "CircuitResistanceCalculator.UnitTests", "CircuitResistanceCalculator.UnitTests\CircuitResistanceCalculator.UnitTests.csproj", "{B74367B6-AE06-4936-AF07-DDC164A94F07}"
EndProject
Project("{FAE04EC0-301F-11D3-BF4B-00C04F79EFBC}") = "CircuitVisualization", "CircuitDrawer\CircuitVisualization.csproj", "{87368B3D-8FF8-4F81-BB63-5B81A290B3E1}"
EndProject
Global
	GlobalSection(SolutionConfigurationPlatforms) = preSolution
		Debug|Any CPU = Debug|Any CPU
		Release|Any CPU = Release|Any CPU
	EndGlobalSection
	GlobalSection(ProjectConfigurationPlatforms) = postSolution
		{783D23BD-4BB1-48B9-8102-3A0B726C39FF}.Debug|Any CPU.ActiveCfg = Debug|Any CPU
		{783D23BD-4BB1-48B9-8102-3A0B726C39FF}.Debug|Any CPU.Build.0 = Debug|Any CPU
		{783D23BD-4BB1-48B9-8102-3A0B726C39FF}.Release|Any CPU.ActiveCfg = Release|Any CPU
		{783D23BD-4BB1-48B9-8102-3A0B726C39FF}.Release|Any CPU.Build.0 = Release|Any CPU
		{8D1268EB-5E51-4FBD-AC3E-137E8E35ABF9}.Debug|Any CPU.ActiveCfg = Debug|Any CPU
		{8D1268EB-5E51-4FBD-AC3E-137E8E35ABF9}.Debug|Any CPU.Build.0 = Debug|Any CPU
		{8D1268EB-5E51-4FBD-AC3E-137E8E35ABF9}.Release|Any CPU.ActiveCfg = Release|Any CPU
		{8D1268EB-5E51-4FBD-AC3E-137E8E35ABF9}.Release|Any CPU.Build.0 = Release|Any CPU
		{B74367B6-AE06-4936-AF07-DDC164A94F07}.Debug|Any CPU.ActiveCfg = Debug|Any CPU
		{B74367B6-AE06-4936-AF07-DDC164A94F07}.Debug|Any CPU.Build.0 = Debug|Any CPU
		{B74367B6-AE06-4936-AF07-DDC164A94F07}.Release|Any CPU.ActiveCfg = Release|Any CPU
		{B74367B6-AE06-4936-AF07-DDC164A94F07}.Release|Any CPU.Build.0 = Release|Any CPU
		{87368B3D-8FF8-4F81-BB63-5B81A290B3E1}.Debug|Any CPU.ActiveCfg = Debug|Any CPU
		{87368B3D-8FF8-4F81-BB63-5B81A290B3E1}.Debug|Any CPU.Build.0 = Debug|Any CPU
		{87368B3D-8FF8-4F81-BB63-5B81A290B3E1}.Release|Any CPU.ActiveCfg = Release|Any CPU
		{87368B3D-8FF8-4F81-BB63-5B81A290B3E1}.Release|Any CPU.Build.0 = Release|Any CPU
	EndGlobalSection
	GlobalSection(SolutionProperties) = preSolution
		HideSolutionNode = FALSE
	EndGlobalSection
	GlobalSection(ExtensibilityGlobals) = postSolution
		SolutionGuid = {56DA4E2F-C35F-4E42-8553-53A11CE20E40}
	EndGlobalSection
EndGlobal
